lockfileVersion: 5.4

specifiers:
  '@flatfile/api': ^1.4.9
  '@flatfile/hooks': ^1.3.0
  '@flatfile/listener': ^0.3.4
  papaparse: ^5.4.1
  remeda: ^1.14.0
  tabulatore: ^1.0.2
  xlsx: ^0.18.5

dependencies:
  '@flatfile/api': 1.5.11
  '@flatfile/hooks': 1.3.1
  '@flatfile/listener': 0.3.9_@flatfile+api@1.5.11
  papaparse: 5.4.1
  remeda: 1.19.0
  tabulatore: 1.0.2
  xlsx: 0.18.5

packages:

  /@flatfile/api/1.5.11:
    resolution: {integrity: sha512-jXwdJomfKsEgo25v+Lng3UzcOARGCL/tCl8IIWbKe5PeP2vdBeW2IlhwBsVt7W1bM38Rj4sZ0jKLNPLOrF18HQ==}
    dependencies:
      '@flatfile/cross-env-config': 0.0.4
      '@types/url-join': 4.0.1
      '@ungap/url-search-params': 0.2.2
      axios: 1.4.0
      form-data: 4.0.0
      js-base64: 3.7.2
      url-join: 4.0.1
    transitivePeerDependencies:
      - debug
    dev: false

  /@flatfile/cross-env-config/0.0.4:
    resolution: {integrity: sha512-mNaqtASTly4N09pjQts5zDnYXFLC891TCxJEiFUnil8p6lQciyd0gnPSnhJD0TTlO5817gX3mLE9RDoAETtIbg==}
    dev: false

  /@flatfile/hooks/1.3.1:
    resolution: {integrity: sha512-GWItuLJOKl7j3jByzb79p13yKgQevstif8tbrGAGgdpN1RaYa95Gi7n6RyWkHdc1cWxyYn3THyDR4wQNXaE6EA==}
    dev: false

  /@flatfile/listener/0.3.9_@flatfile+api@1.5.11:
    resolution: {integrity: sha512-kSgQgG14iJqYoVU+vYiTKJOudkIZPYjdwSitq8d8cLQD6ca2AT0ewCtcHafIxXQ+5AxjOCNUIZVSpllegRs/9A==}
    peerDependencies:
      '@flatfile/api': ^1.5.10
      axios: ^1.4.0
    dependencies:
      '@flatfile/api': 1.5.11
      ansi-colors: 4.1.3
      flat: 5.0.2
    dev: false

  /@ltd/j-toml/1.38.0:
    resolution: {integrity: sha512-lYtBcmvHustHQtg4X7TXUu1Xa/tbLC3p2wLvgQI+fWVySguVZJF60Snxijw5EiohumxZbR10kWYFFebh1zotiw==}
    dev: false

  /@types/url-join/4.0.1:
    resolution: {integrity: sha512-wDXw9LEEUHyV+7UWy7U315nrJGJ7p1BzaCxDpEoLr789Dk1WDVMMlf3iBfbG2F8NdWnYyFbtTxUn2ZNbm1Q4LQ==}
    dev: false

  /@ungap/url-search-params/0.2.2:
    resolution: {integrity: sha512-qQsguKXZVKdCixOHX9jqnX/K/1HekPDpGKyEcXHT+zR6EjGA7S4boSuelL4uuPv6YfhN0n8c4UxW+v/Z3gM2iw==}
    dev: false

  /adler-32/1.3.1:
    resolution: {integrity: sha512-ynZ4w/nUUv5rrsR8UUGoe1VC9hZj6V5hU9Qw1HlMDJGEJw5S7TfTErWTjMys6M7vr0YWcPqs3qAr4ss0nDfP+A==}
    engines: {node: '>=0.8'}
    dev: false

  /ansi-colors/4.1.3:
    resolution: {integrity: sha512-/6w/C21Pm1A7aZitlI5Ni/2J6FFQN8i1Cvz3kHABAAbw93v/NlvKdVOqz7CCWz/3iv/JplRSEEZ83XION15ovw==}
    engines: {node: '>=6'}
    dev: false

  /asynckit/0.4.0:
    resolution: {integrity: sha512-Oei9OH4tRh0YqU3GxhX79dM/mwVgvbZJaSNaRk+bshkj0S5cfHcgYakreBjrHwatXKbz+IoIdYLxrKim2MjW0Q==}
    dev: false

  /axios/1.4.0:
    resolution: {integrity: sha512-S4XCWMEmzvo64T9GfvQDOXgYRDJ/wsSZc7Jvdgx5u1sd0JwsuPLqb3SYmusag+edF6ziyMensPVqLTSc1PiSEA==}
    dependencies:
      follow-redirects: 1.15.2
      form-data: 4.0.0
      proxy-from-env: 1.1.0
    transitivePeerDependencies:
      - debug
    dev: false

  /cfb/1.2.2:
    resolution: {integrity: sha512-KfdUZsSOw19/ObEWasvBP/Ac4reZvAGauZhs6S/gqNhXhI7cKwvlH7ulj+dOEYnca4bm4SGo8C1bTAQvnTjgQA==}
    engines: {node: '>=0.8'}
    dependencies:
      adler-32: 1.3.1
      crc-32: 1.2.2
    dev: false

  /codepage/1.15.0:
    resolution: {integrity: sha512-3g6NUTPd/YtuuGrhMnOMRjFc+LJw/bnMp3+0r/Wcz3IXUuCosKRJvMphm5+Q+bvTVGcJJuRvVLuYba+WojaFaA==}
    engines: {node: '>=0.8'}
    dev: false

  /combined-stream/1.0.8:
    resolution: {integrity: sha512-FQN4MRfuJeHf7cBbBMJFXhKSDq+2kAArBlmRBvcvFE5BB1HZKXtSFASDhdlz9zOYwxh8lDdnvmMOe/+5cdoEdg==}
    engines: {node: '>= 0.8'}
    dependencies:
      delayed-stream: 1.0.0
    dev: false

  /crc-32/1.2.2:
    resolution: {integrity: sha512-ROmzCKrTnOwybPcJApAA6WBWij23HVfGVNKqqrZpuyZOHqK2CwHSvpGuyt/UNNvaIjEd8X5IFGp4Mh+Ie1IHJQ==}
    engines: {node: '>=0.8'}
    hasBin: true
    dev: false

  /delayed-stream/1.0.0:
    resolution: {integrity: sha512-ZySD7Nf91aLB0RxL4KGrKHBXl7Eds1DAmEdcoVawXnLD7SDhpNgtuII2aAkg7a7QS41jxPSZ17p4VdGnMHk3MQ==}
    engines: {node: '>=0.4.0'}
    dev: false

  /flat/5.0.2:
    resolution: {integrity: sha512-b6suED+5/3rTpUBdG1gupIl8MPFCAMA0QXwmljLhvCUKcUvdE4gWky9zpuGCcXHOsz4J9wPGNWq6OKpmIzz3hQ==}
    hasBin: true
    dev: false

  /follow-redirects/1.15.2:
    resolution: {integrity: sha512-VQLG33o04KaQ8uYi2tVNbdrWp1QWxNNea+nmIB4EVM28v0hmP17z7aG1+wAkNzVq4KeXTq3221ye5qTJP91JwA==}
    engines: {node: '>=4.0'}
    peerDependencies:
      debug: '*'
    peerDependenciesMeta:
      debug:
        optional: true
    dev: false

  /form-data/4.0.0:
    resolution: {integrity: sha512-ETEklSGi5t0QMZuiXoA/Q6vcnxcLQP5vdugSpuAyi6SVGi2clPPp+xgEhuMaHC+zGgn31Kd235W35f7Hykkaww==}
    engines: {node: '>= 6'}
    dependencies:
      asynckit: 0.4.0
      combined-stream: 1.0.8
      mime-types: 2.1.35
    dev: false

  /frac/1.1.2:
    resolution: {integrity: sha512-w/XBfkibaTl3YDqASwfDUqkna4Z2p9cFSr1aHDt0WoMTECnRfBOv2WArlZILlqgWlmdIlALXGpM2AOhEk5W3IA==}
    engines: {node: '>=0.8'}
    dev: false

  /js-base64/3.7.2:
    resolution: {integrity: sha512-NnRs6dsyqUXejqk/yv2aiXlAvOs56sLkX6nUdeaNezI5LFFLlsZjOThmwnrcwh5ZZRwZlCMnVAY3CvhIhoVEKQ==}
    dev: false

  /mime-db/1.52.0:
    resolution: {integrity: sha512-sPU4uV7dYlvtWJxwwxHD0PuihVNiE7TyAbQ5SWxDCB9mUYvOgroQOwYQQOKPJ8CIbE+1ETVlOoK1UC2nU3gYvg==}
    engines: {node: '>= 0.6'}
    dev: false

  /mime-types/2.1.35:
    resolution: {integrity: sha512-ZDY+bPm5zTTF+YpCrAU9nK0UgICYPT0QtT1NZWFv4s++TNkcgVaT0g6+4R2uI4MjQjzysHB1zxuWL50hzaeXiw==}
    engines: {node: '>= 0.6'}
    dependencies:
      mime-db: 1.52.0
    dev: false

  /papaparse/5.4.1:
    resolution: {integrity: sha512-HipMsgJkZu8br23pW15uvo6sib6wne/4woLZPlFf3rpDyMe9ywEXUsuD7+6K9PRkJlVT51j/sCOYDKGGS3ZJrw==}
    dev: false

  /proxy-from-env/1.1.0:
    resolution: {integrity: sha512-D+zkORCbA9f1tdWRK0RaCR3GPv50cMxcrz4X8k5LTSUD1Dkw47mKJEZQNunItRTkWwgtaUSo1RVFRIG9ZXiFYg==}
    dev: false

  /remeda/1.19.0:
    resolution: {integrity: sha512-iwZohiXDhC1K+adRI6OB+tYxOfXyX7DaPXQDZrR5s1k7umrkG3Yd2+QDfSrYFlC7oc0IqeUns6RqSjNkERXeLw==}
    dev: false

  /ssf/0.11.2:
    resolution: {integrity: sha512-+idbmIXoYET47hH+d7dfm2epdOMUDjqcB4648sTZ+t2JwoyBFL/insLfB/racrDmsKB3diwsDA696pZMieAC5g==}
    engines: {node: '>=0.8'}
    dependencies:
      frac: 1.1.2
    dev: false

  /tabulatore/1.0.2:
    resolution: {integrity: sha512-a+StObT3tHQYf5F/ADyhBCZBO4gpYR6/mQ5RHY+Bq7MluXF1XmaeS+tP95aUO6OjSJY3s461e5dKv7X0Jvm4KQ==}
    dependencies:
      '@ltd/j-toml': 1.38.0
      yaml: 2.3.1
    dev: false

  /url-join/4.0.1:
    resolution: {integrity: sha512-jk1+QP6ZJqyOiuEI9AEWQfju/nB2Pw466kbA0LEZljHwKeMgd9WrAEgEGxjPDD2+TNbbb37rTyhEfrCXfuKXnA==}
    dev: false

  /wmf/1.0.2:
    resolution: {integrity: sha512-/p9K7bEh0Dj6WbXg4JG0xvLQmIadrner1bi45VMJTfnbVHsc7yIajZyoSoK60/dtVBs12Fm6WkUI5/3WAVsNMw==}
    engines: {node: '>=0.8'}
    dev: false

  /word/0.3.0:
    resolution: {integrity: sha512-OELeY0Q61OXpdUfTp+oweA/vtLVg5VDOXh+3he3PNzLGG/y0oylSOC1xRVj0+l4vQ3tj/bB1HVHv1ocXkQceFA==}
    engines: {node: '>=0.8'}
    dev: false

  /xlsx/0.18.5:
    resolution: {integrity: sha512-dmg3LCjBPHZnQp5/F/+nnTa+miPJxUXB6vtk42YjBBKayDNagxGEeIdWApkYPOf3Z3pm3k62Knjzp7lMeTEtFQ==}
    engines: {node: '>=0.8'}
    hasBin: true
    dependencies:
      adler-32: 1.3.1
      cfb: 1.2.2
      codepage: 1.15.0
      crc-32: 1.2.2
      ssf: 0.11.2
      wmf: 1.0.2
      word: 0.3.0
    dev: false

  /yaml/2.3.1:
    resolution: {integrity: sha512-2eHWfjaoXgTBC2jNM1LRef62VQa0umtvRiDSk6HSzW7RvS5YtkabJrwYLLEKWBc8a5U2PTSCs+dJjUTJdlHsWQ==}
    engines: {node: '>= 14'}
    dev: false
